
Microsoft Visual Studio Solution File, Format Version 12.00
# Visual Studio Version 17
VisualStudioVersion = 17.11.35312.102
MinimumVisualStudioVersion = 10.0.40219.1
Project("{9A19103F-16F7-4668-BE54-9A1E7A4F7556}") = "register-calculator", "register-calculator\register-calculator.csproj", "{C8B0B3A3-637C-4051-89E5-ECFCB57C2A2B}"
EndProject
Global
	GlobalSection(SolutionConfigurationPlatforms) = preSolution
		CreamPies|x64 = CreamPies|x64
		UpNAtom|x64 = UpNAtom|x64
		UWUCAFE|x64 = UWUCAFE|x64
	EndGlobalSection
	GlobalSection(ProjectConfigurationPlatforms) = postSolution
		{C8B0B3A3-637C-4051-89E5-ECFCB57C2A2B}.CreamPies|x64.ActiveCfg = CreamPies|x64
		{C8B0B3A3-637C-4051-89E5-ECFCB57C2A2B}.CreamPies|x64.Build.0 = CreamPies|x64
		{C8B0B3A3-637C-4051-89E5-ECFCB57C2A2B}.UpNAtom|x64.ActiveCfg = UpNAtom|x64
		{C8B0B3A3-637C-4051-89E5-ECFCB57C2A2B}.UpNAtom|x64.Build.0 = UpNAtom|x64
		{C8B0B3A3-637C-4051-89E5-ECFCB57C2A2B}.UWUCAFE|x64.ActiveCfg = UWUCAFE|x64
		{C8B0B3A3-637C-4051-89E5-ECFCB57C2A2B}.UWUCAFE|x64.Build.0 = UWUCAFE|x64
	EndGlobalSection
	GlobalSection(SolutionProperties) = preSolution
		HideSolutionNode = FALSE
	EndGlobalSection
	GlobalSection(ExtensibilityGlobals) = postSolution
		SolutionGuid = {5E5096CB-0422-4310-83E7-6B86C906B08B}
	EndGlobalSection
EndGlobal
